
Microsoft Visual Studio Solution File, Format Version 12.00
# Visual Studio 15
VisualStudioVersion = 15.0.28307.1169
MinimumVisualStudioVersion = 10.0.40219.1
Project("{FAE04EC0-301F-11D3-BF4B-00C04F79EFBC}") = "AuroraAssetEditor", "AuroraAssetEditor\AuroraAssetEditor.csproj", "{7EBB95B2-CB56-4263-9C2B-601E0FC36001}"
EndProject
Project("{2150E333-8FDC-42A3-9474-1A3956D46DE8}") = "Solution Items", "Solution Items", "{E7B130E9-33B7-48A5-BDC8-B2DB74B0128D}"
	ProjectSection(SolutionItems) = preProject
		appveyor.yml = appveyor.yml
	EndProjectSection
EndProject
Global
	GlobalSection(SolutionConfigurationPlatforms) = preSolution
		Debug|x86 = Debug|x86
		Release|x86 = Release|x86
	EndGlobalSection
	GlobalSection(ProjectConfigurationPlatforms) = postSolution
		{7EBB95B2-CB56-4263-9C2B-601E0FC36001}.Debug|x86.ActiveCfg = Debug|x86
		{7EBB95B2-CB56-4263-9C2B-601E0FC36001}.Debug|x86.Build.0 = Debug|x86
		{7EBB95B2-CB56-4263-9C2B-601E0FC36001}.Release|x86.ActiveCfg = Release|x86
		{7EBB95B2-CB56-4263-9C2B-601E0FC36001}.Release|x86.Build.0 = Release|x86
	EndGlobalSection
	GlobalSection(SolutionProperties) = preSolution
		HideSolutionNode = FALSE
	EndGlobalSection
	GlobalSection(ExtensibilityGlobals) = postSolution
		SolutionGuid = {6E09DD1D-9C76-46F0-B0F2-B665D49308B6}
	EndGlobalSection
EndGlobal
